
Microsoft Visual Studio Solution File, Format Version 12.00
# Visual Studio Version 17
VisualStudioVersion = 17.9.34622.214
MinimumVisualStudioVersion = 10.0.40219.1
Project("{FAE04EC0-301F-11D3-BF4B-00C04F79EFBC}") = "LeoBank", "LeoBank.csproj", "{9FECFB5A-4820-486D-9E5D-AE9E8BB2E71B}"
EndProject
Global
	GlobalSection(SolutionConfigurationPlatforms) = preSolution
		Debug|Any CPU = Debug|Any CPU
		Release|Any CPU = Release|Any CPU
	EndGlobalSection
	GlobalSection(ProjectConfigurationPlatforms) = postSolution
		{9FECFB5A-4820-486D-9E5D-AE9E8BB2E71B}.Debug|Any CPU.ActiveCfg = Debug|Any CPU
		{9FECFB5A-4820-486D-9E5D-AE9E8BB2E71B}.Debug|Any CPU.Build.0 = Debug|Any CPU
		{9FECFB5A-4820-486D-9E5D-AE9E8BB2E71B}.Release|Any CPU.ActiveCfg = Release|Any CPU
		{9FECFB5A-4820-486D-9E5D-AE9E8BB2E71B}.Release|Any CPU.Build.0 = Release|Any CPU
	EndGlobalSection
	GlobalSection(SolutionProperties) = preSolution
		HideSolutionNode = FALSE
	EndGlobalSection
	GlobalSection(ExtensibilityGlobals) = postSolution
		SolutionGuid = {82FA6A57-3EFF-48AC-9AAA-3BA9F2516C46}
	EndGlobalSection
EndGlobal
